
Microsoft Visual Studio Solution File, Format Version 12.00
# Visual Studio Version 16
VisualStudioVersion = 16.0.31112.23
MinimumVisualStudioVersion = 10.0.40219.1
Project("{9A19103F-16F7-4668-BE54-9A1E7A4F7556}") = "GraduationTracker", "GraduationTracker\GraduationTracker.csproj", "{B4213658-4A28-4C0B-8C56-B0F1A7A11F3B}"
EndProject
Project("{FAE04EC0-301F-11D3-BF4B-00C04F79EFBC}") = "GraduationTracker.Tests.Unit", "GraduationTracker.Tests.Unit\GraduationTracker.Tests.Unit.csproj", "{656D6EFD-3759-4E37-88AA-B00FEAE1F44F}"
EndProject
Global
	GlobalSection(SolutionConfigurationPlatforms) = preSolution
		Debug|Any CPU = Debug|Any CPU
		Release|Any CPU = Release|Any CPU
	EndGlobalSection
	GlobalSection(ProjectConfigurationPlatforms) = postSolution
		{B4213658-4A28-4C0B-8C56-B0F1A7A11F3B}.Debug|Any CPU.ActiveCfg = Debug|Any CPU
		{B4213658-4A28-4C0B-8C56-B0F1A7A11F3B}.Debug|Any CPU.Build.0 = Debug|Any CPU
		{B4213658-4A28-4C0B-8C56-B0F1A7A11F3B}.Release|Any CPU.ActiveCfg = Release|Any CPU
		{B4213658-4A28-4C0B-8C56-B0F1A7A11F3B}.Release|Any CPU.Build.0 = Release|Any CPU
		{656D6EFD-3759-4E37-88AA-B00FEAE1F44F}.Debug|Any CPU.ActiveCfg = Debug|Any CPU
		{656D6EFD-3759-4E37-88AA-B00FEAE1F44F}.Debug|Any CPU.Build.0 = Debug|Any CPU
		{656D6EFD-3759-4E37-88AA-B00FEAE1F44F}.Release|Any CPU.ActiveCfg = Release|Any CPU
		{656D6EFD-3759-4E37-88AA-B00FEAE1F44F}.Release|Any CPU.Build.0 = Release|Any CPU
	EndGlobalSection
	GlobalSection(SolutionProperties) = preSolution
		HideSolutionNode = FALSE
	EndGlobalSection
	GlobalSection(ExtensibilityGlobals) = postSolution
		SolutionGuid = {DDCF75F5-2178-4328-BCEF-905488D56AE5}
	EndGlobalSection
EndGlobal
